
Microsoft Visual Studio Solution File, Format Version 12.00
# Visual Studio Version 17
VisualStudioVersion = 17.2.32602.215
MinimumVisualStudioVersion = 10.0.40219.1
Project("{FAE04EC0-301F-11D3-BF4B-00C04F79EFBC}") = "Switch Statements", "Switch Statements\Switch Statements.csproj", "{C9FB5646-C641-49F5-A61F-621040B9F47C}"
EndProject
Global
	GlobalSection(SolutionConfigurationPlatforms) = preSolution
		Debug|Any CPU = Debug|Any CPU
		Release|Any CPU = Release|Any CPU
	EndGlobalSection
	GlobalSection(ProjectConfigurationPlatforms) = postSolution
		{C9FB5646-C641-49F5-A61F-621040B9F47C}.Debug|Any CPU.ActiveCfg = Debug|Any CPU
		{C9FB5646-C641-49F5-A61F-621040B9F47C}.Debug|Any CPU.Build.0 = Debug|Any CPU
		{C9FB5646-C641-49F5-A61F-621040B9F47C}.Release|Any CPU.ActiveCfg = Release|Any CPU
		{C9FB5646-C641-49F5-A61F-621040B9F47C}.Release|Any CPU.Build.0 = Release|Any CPU
	EndGlobalSection
	GlobalSection(SolutionProperties) = preSolution
		HideSolutionNode = FALSE
	EndGlobalSection
	GlobalSection(ExtensibilityGlobals) = postSolution
		SolutionGuid = {D37ADC73-BF72-4515-B7C9-A04509EEE5F2}
	EndGlobalSection
EndGlobal
